
Microsoft Visual Studio Solution File, Format Version 12.00
# Visual Studio 15
VisualStudioVersion = 15.0.26403.7
MinimumVisualStudioVersion = 10.0.40219.1
Project("{2150E333-8FDC-42A3-9474-1A3956D46DE8}") = "Tests", "Tests", "{42541FE9-55D8-49E2-9339-6AB8B34F71E5}"
EndProject
Project("{FAE04EC0-301F-11D3-BF4B-00C04F79EFBC}") = "TestingApp.Android", "TestingApp\TestingApp.Android\TestingApp.Android.csproj", "{C9715FA4-A37F-494F-B3C2-8795183F3E29}"
EndProject
Project("{FAE04EC0-301F-11D3-BF4B-00C04F79EFBC}") = "TestingApp", "TestingApp\TestingApp\TestingApp.csproj", "{4F818C0D-63E8-49AF-BABA-5591249219A9}"
EndProject
Project("{FAE04EC0-301F-11D3-BF4B-00C04F79EFBC}") = "TestingApp.iOS", "TestingApp\TestingApp.iOS\TestingApp.iOS.csproj", "{DDC141AE-38A1-4CA6-97CD-8A9A8E4442F2}"
EndProject
Project("{FAE04EC0-301F-11D3-BF4B-00C04F79EFBC}") = "SyncHelper", "SyncHelper\SyncHelper\SyncHelper.csproj", "{C393693A-2557-4984-88A7-3E1BA6B3B657}"
EndProject
Project("{FAE04EC0-301F-11D3-BF4B-00C04F79EFBC}") = "TablesLibrary", "TablesLibrary\TablesLibrary.csproj", "{8FF803B8-CF6A-41E8-810E-B70A66E6BE75}"
EndProject
Global
	GlobalSection(SolutionConfigurationPlatforms) = preSolution
		Ad-Hoc|Any CPU = Ad-Hoc|Any CPU
		Ad-Hoc|ARM = Ad-Hoc|ARM
		Ad-Hoc|iPhone = Ad-Hoc|iPhone
		Ad-Hoc|iPhoneSimulator = Ad-Hoc|iPhoneSimulator
		Ad-Hoc|x64 = Ad-Hoc|x64
		Ad-Hoc|x86 = Ad-Hoc|x86
		AppStore|Any CPU = AppStore|Any CPU
		AppStore|ARM = AppStore|ARM
		AppStore|iPhone = AppStore|iPhone
		AppStore|iPhoneSimulator = AppStore|iPhoneSimulator
		AppStore|x64 = AppStore|x64
		AppStore|x86 = AppStore|x86
		Debug|Any CPU = Debug|Any CPU
		Debug|ARM = Debug|ARM
		Debug|iPhone = Debug|iPhone
		Debug|iPhoneSimulator = Debug|iPhoneSimulator
		Debug|x64 = Debug|x64
		Debug|x86 = Debug|x86
		Release|Any CPU = Release|Any CPU
		Release|ARM = Release|ARM
		Release|iPhone = Release|iPhone
		Release|iPhoneSimulator = Release|iPhoneSimulator
		Release|x64 = Release|x64
		Release|x86 = Release|x86
	EndGlobalSection
	GlobalSection(ProjectConfigurationPlatforms) = postSolution
		{C9715FA4-A37F-494F-B3C2-8795183F3E29}.Ad-Hoc|Any CPU.ActiveCfg = Release|Any CPU
		{C9715FA4-A37F-494F-B3C2-8795183F3E29}.Ad-Hoc|Any CPU.Build.0 = Release|Any CPU
		{C9715FA4-A37F-494F-B3C2-8795183F3E29}.Ad-Hoc|Any CPU.Deploy.0 = Release|Any CPU
		{C9715FA4-A37F-494F-B3C2-8795183F3E29}.Ad-Hoc|ARM.ActiveCfg = Release|Any CPU
		{C9715FA4-A37F-494F-B3C2-8795183F3E29}.Ad-Hoc|ARM.Build.0 = Release|Any CPU
		{C9715FA4-A37F-494F-B3C2-8795183F3E29}.Ad-Hoc|ARM.Deploy.0 = Release|Any CPU
		{C9715FA4-A37F-494F-B3C2-8795183F3E29}.Ad-Hoc|iPhone.ActiveCfg = Release|Any CPU
		{C9715FA4-A37F-494F-B3C2-8795183F3E29}.Ad-Hoc|iPhone.Build.0 = Release|Any CPU
		{C9715FA4-A37F-494F-B3C2-8795183F3E29}.Ad-Hoc|iPhone.Deploy.0 = Release|Any CPU
		{C9715FA4-A37F-494F-B3C2-8795183F3E29}.Ad-Hoc|iPhoneSimulator.ActiveCfg = Release|Any CPU
		{C9715FA4-A37F-494F-B3C2-8795183F3E29}.Ad-Hoc|iPhoneSimulator.Build.0 = Release|Any CPU
		{C9715FA4-A37F-494F-B3C2-8795183F3E29}.Ad-Hoc|iPhoneSimulator.Deploy.0 = Release|Any CPU
		{C9715FA4-A37F-494F-B3C2-8795183F3E29}.Ad-Hoc|x64.ActiveCfg = Release|Any CPU
		{C9715FA4-A37F-494F-B3C2-8795183F3E29}.Ad-Hoc|x64.Build.0 = Release|Any CPU
		{C9715FA4-A37F-494F-B3C2-8795183F3E29}.Ad-Hoc|x64.Deploy.0 = Release|Any CPU
		{C9715FA4-A37F-494F-B3C2-8795183F3E29}.Ad-Hoc|x86.ActiveCfg = Release|Any CPU
		{C9715FA4-A37F-494F-B3C2-8795183F3E29}.Ad-Hoc|x86.Build.0 = Release|Any CPU
		{C9715FA4-A37F-494F-B3C2-8795183F3E29}.Ad-Hoc|x86.Deploy.0 = Release|Any CPU
		{C9715FA4-A37F-494F-B3C2-8795183F3E29}.AppStore|Any CPU.ActiveCfg = Release|Any CPU
		{C9715FA4-A37F-494F-B3C2-8795183F3E29}.AppStore|Any CPU.Build.0 = Release|Any CPU
		{C9715FA4-A37F-494F-B3C2-8795183F3E29}.AppStore|Any CPU.Deploy.0 = Release|Any CPU
		{C9715FA4-A37F-494F-B3C2-8795183F3E29}.AppStore|ARM.ActiveCfg = Release|Any CPU
		{C9715FA4-A37F-494F-B3C2-8795183F3E29}.AppStore|ARM.Build.0 = Release|Any CPU
		{C9715FA4-A37F-494F-B3C2-8795183F3E29}.AppStore|ARM.Deploy.0 = Release|Any CPU
		{C9715FA4-A37F-494F-B3C2-8795183F3E29}.AppStore|iPhone.ActiveCfg = Release|Any CPU
		{C9715FA4-A37F-494F-B3C2-8795183F3E29}.AppStore|iPhone.Build.0 = Release|Any CPU
		{C9715FA4-A37F-494F-B3C2-8795183F3E29}.AppStore|iPhone.Deploy.0 = Release|Any CPU
		{C9715FA4-A37F-494F-B3C2-8795183F3E29}.AppStore|iPhoneSimulator.ActiveCfg = Release|Any CPU
		{C9715FA4-A37F-494F-B3C2-8795183F3E29}.AppStore|iPhoneSimulator.Build.0 = Release|Any CPU
		{C9715FA4-A37F-494F-B3C2-8795183F3E29}.AppStore|iPhoneSimulator.Deploy.0 = Release|Any CPU
		{C9715FA4-A37F-494F-B3C2-8795183F3E29}.AppStore|x64.ActiveCfg = Release|Any CPU
		{C9715FA4-A37F-494F-B3C2-8795183F3E29}.AppStore|x64.Build.0 = Release|Any CPU
		{C9715FA4-A37F-494F-B3C2-8795183F3E29}.AppStore|x64.Deploy.0 = Release|Any CPU
		{C9715FA4-A37F-494F-B3C2-8795183F3E29}.AppStore|x86.ActiveCfg = Release|Any CPU
		{C9715FA4-A37F-494F-B3C2-8795183F3E29}.AppStore|x86.Build.0 = Release|Any CPU
		{C9715FA4-A37F-494F-B3C2-8795183F3E29}.AppStore|x86.Deploy.0 = Release|Any CPU
		{C9715FA4-A37F-494F-B3C2-8795183F3E29}.Debug|Any CPU.ActiveCfg = Debug|Any CPU
		{C9715FA4-A37F-494F-B3C2-8795183F3E29}.Debug|Any CPU.Build.0 = Debug|Any CPU
		{C9715FA4-A37F-494F-B3C2-8795183F3E29}.Debug|Any CPU.Deploy.0 = Debug|Any CPU
		{C9715FA4-A37F-494F-B3C2-8795183F3E29}.Debug|ARM.ActiveCfg = Debug|Any CPU
		{C9715FA4-A37F-494F-B3C2-8795183F3E29}.Debug|ARM.Build.0 = Debug|Any CPU
		{C9715FA4-A37F-494F-B3C2-8795183F3E29}.Debug|ARM.Deploy.0 = Debug|Any CPU
		{C9715FA4-A37F-494F-B3C2-8795183F3E29}.Debug|iPhone.ActiveCfg = Debug|Any CPU
		{C9715FA4-A37F-494F-B3C2-8795183F3E29}.Debug|iPhone.Build.0 = Debug|Any CPU
		{C9715FA4-A37F-494F-B3C2-8795183F3E29}.Debug|iPhone.Deploy.0 = Debug|Any CPU
		{C9715FA4-A37F-494F-B3C2-8795183F3E29}.Debug|iPhoneSimulator.ActiveCfg = Debug|Any CPU
		{C9715FA4-A37F-494F-B3C2-8795183F3E29}.Debug|iPhoneSimulator.Build.0 = Debug|Any CPU
		{C9715FA4-A37F-494F-B3C2-8795183F3E29}.Debug|iPhoneSimulator.Deploy.0 = Debug|Any CPU
		{C9715FA4-A37F-494F-B3C2-8795183F3E29}.Debug|x64.ActiveCfg = Debug|Any CPU
		{C9715FA4-A37F-494F-B3C2-8795183F3E29}.Debug|x64.Build.0 = Debug|Any CPU
		{C9715FA4-A37F-494F-B3C2-8795183F3E29}.Debug|x64.Deploy.0 = Debug|Any CPU
		{C9715FA4-A37F-494F-B3C2-8795183F3E29}.Debug|x86.ActiveCfg = Debug|Any CPU
		{C9715FA4-A37F-494F-B3C2-8795183F3E29}.Debug|x86.Build.0 = Debug|Any CPU
		{C9715FA4-A37F-494F-B3C2-8795183F3E29}.Debug|x86.Deploy.0 = Debug|Any CPU
		{C9715FA4-A37F-494F-B3C2-8795183F3E29}.Release|Any CPU.ActiveCfg = Release|Any CPU
		{C9715FA4-A37F-494F-B3C2-8795183F3E29}.Release|Any CPU.Build.0 = Release|Any CPU
		{C9715FA4-A37F-494F-B3C2-8795183F3E29}.Release|Any CPU.Deploy.0 = Release|Any CPU
		{C9715FA4-A37F-494F-B3C2-8795183F3E29}.Release|ARM.ActiveCfg = Release|Any CPU
		{C9715FA4-A37F-494F-B3C2-8795183F3E29}.Release|ARM.Build.0 = Release|Any CPU
		{C9715FA4-A37F-494F-B3C2-8795183F3E29}.Release|ARM.Deploy.0 = Release|Any CPU
		{C9715FA4-A37F-494F-B3C2-8795183F3E29}.Release|iPhone.ActiveCfg = Release|Any CPU
		{C9715FA4-A37F-494F-B3C2-8795183F3E29}.Release|iPhone.Build.0 = Release|Any CPU
		{C9715FA4-A37F-494F-B3C2-8795183F3E29}.Release|iPhone.Deploy.0 = Release|Any CPU
		{C9715FA4-A37F-494F-B3C2-8795183F3E29}.Release|iPhoneSimulator.ActiveCfg = Release|Any CPU
		{C9715FA4-A37F-494F-B3C2-8795183F3E29}.Release|iPhoneSimulator.Build.0 = Release|Any CPU
		{C9715FA4-A37F-494F-B3C2-8795183F3E29}.Release|iPhoneSimulator.Deploy.0 = Release|Any CPU
		{C9715FA4-A37F-494F-B3C2-8795183F3E29}.Release|x64.ActiveCfg = Release|Any CPU
		{C9715FA4-A37F-494F-B3C2-8795183F3E29}.Release|x64.Build.0 = Release|Any CPU
		{C9715FA4-A37F-494F-B3C2-8795183F3E29}.Release|x64.Deploy.0 = Release|Any CPU
		{C9715FA4-A37F-494F-B3C2-8795183F3E29}.Release|x86.ActiveCfg = Release|Any CPU
		{C9715FA4-A37F-494F-B3C2-8795183F3E29}.Release|x86.Build.0 = Release|Any CPU
		{C9715FA4-A37F-494F-B3C2-8795183F3E29}.Release|x86.Deploy.0 = Release|Any CPU
		{4F818C0D-63E8-49AF-BABA-5591249219A9}.Ad-Hoc|Any CPU.ActiveCfg = Release|Any CPU
		{4F818C0D-63E8-49AF-BABA-5591249219A9}.Ad-Hoc|Any CPU.Build.0 = Release|Any CPU
		{4F818C0D-63E8-49AF-BABA-5591249219A9}.Ad-Hoc|ARM.ActiveCfg = Release|Any CPU
		{4F818C0D-63E8-49AF-BABA-5591249219A9}.Ad-Hoc|ARM.Build.0 = Release|Any CPU
		{4F818C0D-63E8-49AF-BABA-5591249219A9}.Ad-Hoc|iPhone.ActiveCfg = Release|Any CPU
		{4F818C0D-63E8-49AF-BABA-5591249219A9}.Ad-Hoc|iPhone.Build.0 = Release|Any CPU
		{4F818C0D-63E8-49AF-BABA-5591249219A9}.Ad-Hoc|iPhoneSimulator.ActiveCfg = Release|Any CPU
		{4F818C0D-63E8-49AF-BABA-5591249219A9}.Ad-Hoc|iPhoneSimulator.Build.0 = Release|Any CPU
		{4F818C0D-63E8-49AF-BABA-5591249219A9}.Ad-Hoc|x64.ActiveCfg = Release|Any CPU
		{4F818C0D-63E8-49AF-BABA-5591249219A9}.Ad-Hoc|x64.Build.0 = Release|Any CPU
		{4F818C0D-63E8-49AF-BABA-5591249219A9}.Ad-Hoc|x86.ActiveCfg = Release|Any CPU
		{4F818C0D-63E8-49AF-BABA-5591249219A9}.Ad-Hoc|x86.Build.0 = Release|Any CPU
		{4F818C0D-63E8-49AF-BABA-5591249219A9}.AppStore|Any CPU.ActiveCfg = Release|Any CPU
		{4F818C0D-63E8-49AF-BABA-5591249219A9}.AppStore|Any CPU.Build.0 = Release|Any CPU
		{4F818C0D-63E8-49AF-BABA-5591249219A9}.AppStore|ARM.ActiveCfg = Release|Any CPU
		{4F818C0D-63E8-49AF-BABA-5591249219A9}.AppStore|ARM.Build.0 = Release|Any CPU
		{4F818C0D-63E8-49AF-BABA-5591249219A9}.AppStore|iPhone.ActiveCfg = Release|Any CPU
		{4F818C0D-63E8-49AF-BABA-5591249219A9}.AppStore|iPhone.Build.0 = Release|Any CPU
		{4F818C0D-63E8-49AF-BABA-5591249219A9}.AppStore|iPhoneSimulator.ActiveCfg = Release|Any CPU
		{4F818C0D-63E8-49AF-BABA-5591249219A9}.AppStore|iPhoneSimulator.Build.0 = Release|Any CPU
		{4F818C0D-63E8-49AF-BABA-5591249219A9}.AppStore|x64.ActiveCfg = Release|Any CPU
		{4F818C0D-63E8-49AF-BABA-5591249219A9}.AppStore|x64.Build.0 = Release|Any CPU
		{4F818C0D-63E8-49AF-BABA-5591249219A9}.AppStore|x86.ActiveCfg = Release|Any CPU
		{4F818C0D-63E8-49AF-BABA-5591249219A9}.AppStore|x86.Build.0 = Release|Any CPU
		{4F818C0D-63E8-49AF-BABA-5591249219A9}.Debug|Any CPU.ActiveCfg = Debug|Any CPU
		{4F818C0D-63E8-49AF-BABA-5591249219A9}.Debug|Any CPU.Build.0 = Debug|Any CPU
		{4F818C0D-63E8-49AF-BABA-5591249219A9}.Debug|ARM.ActiveCfg = Debug|Any CPU
		{4F818C0D-63E8-49AF-BABA-5591249219A9}.Debug|ARM.Build.0 = Debug|Any CPU
		{4F818C0D-63E8-49AF-BABA-5591249219A9}.Debug|iPhone.ActiveCfg = Debug|Any CPU
		{4F818C0D-63E8-49AF-BABA-5591249219A9}.Debug|iPhone.Build.0 = Debug|Any CPU
		{4F818C0D-63E8-49AF-BABA-5591249219A9}.Debug|iPhoneSimulator.ActiveCfg = Debug|Any CPU
		{4F818C0D-63E8-49AF-BABA-5591249219A9}.Debug|iPhoneSimulator.Build.0 = Debug|Any CPU
		{4F818C0D-63E8-49AF-BABA-5591249219A9}.Debug|x64.ActiveCfg = Debug|Any CPU
		{4F818C0D-63E8-49AF-BABA-5591249219A9}.Debug|x64.Build.0 = Debug|Any CPU
		{4F818C0D-63E8-49AF-BABA-5591249219A9}.Debug|x86.ActiveCfg = Debug|Any CPU
		{4F818C0D-63E8-49AF-BABA-5591249219A9}.Debug|x86.Build.0 = Debug|Any CPU
		{4F818C0D-63E8-49AF-BABA-5591249219A9}.Release|Any CPU.ActiveCfg = Release|Any CPU
		{4F818C0D-63E8-49AF-BABA-5591249219A9}.Release|Any CPU.Build.0 = Release|Any CPU
		{4F818C0D-63E8-49AF-BABA-5591249219A9}.Release|ARM.ActiveCfg = Release|Any CPU
		{4F818C0D-63E8-49AF-BABA-5591249219A9}.Release|ARM.Build.0 = Release|Any CPU
		{4F818C0D-63E8-49AF-BABA-5591249219A9}.Release|iPhone.ActiveCfg = Release|Any CPU
		{4F818C0D-63E8-49AF-BABA-5591249219A9}.Release|iPhone.Build.0 = Release|Any CPU
		{4F818C0D-63E8-49AF-BABA-5591249219A9}.Release|iPhoneSimulator.ActiveCfg = Release|Any CPU
		{4F818C0D-63E8-49AF-BABA-5591249219A9}.Release|iPhoneSimulator.Build.0 = Release|Any CPU
		{4F818C0D-63E8-49AF-BABA-5591249219A9}.Release|x64.ActiveCfg = Release|Any CPU
		{4F818C0D-63E8-49AF-BABA-5591249219A9}.Release|x64.Build.0 = Release|Any CPU
		{4F818C0D-63E8-49AF-BABA-5591249219A9}.Release|x86.ActiveCfg = Release|Any CPU
		{4F818C0D-63E8-49AF-BABA-5591249219A9}.Release|x86.Build.0 = Release|Any CPU
		{DDC141AE-38A1-4CA6-97CD-8A9A8E4442F2}.Ad-Hoc|Any CPU.ActiveCfg = Ad-Hoc|iPhone
		{DDC141AE-38A1-4CA6-97CD-8A9A8E4442F2}.Ad-Hoc|ARM.ActiveCfg = Ad-Hoc|iPhone
		{DDC141AE-38A1-4CA6-97CD-8A9A8E4442F2}.Ad-Hoc|iPhone.ActiveCfg = Ad-Hoc|iPhone
		{DDC141AE-38A1-4CA6-97CD-8A9A8E4442F2}.Ad-Hoc|iPhone.Build.0 = Ad-Hoc|iPhone
		{DDC141AE-38A1-4CA6-97CD-8A9A8E4442F2}.Ad-Hoc|iPhoneSimulator.ActiveCfg = Ad-Hoc|iPhoneSimulator
		{DDC141AE-38A1-4CA6-97CD-8A9A8E4442F2}.Ad-Hoc|iPhoneSimulator.Build.0 = Ad-Hoc|iPhoneSimulator
		{DDC141AE-38A1-4CA6-97CD-8A9A8E4442F2}.Ad-Hoc|x64.ActiveCfg = Ad-Hoc|iPhone
		{DDC141AE-38A1-4CA6-97CD-8A9A8E4442F2}.Ad-Hoc|x86.ActiveCfg = Ad-Hoc|iPhone
		{DDC141AE-38A1-4CA6-97CD-8A9A8E4442F2}.AppStore|Any CPU.ActiveCfg = AppStore|iPhone
		{DDC141AE-38A1-4CA6-97CD-8A9A8E4442F2}.AppStore|ARM.ActiveCfg = AppStore|iPhone
		{DDC141AE-38A1-4CA6-97CD-8A9A8E4442F2}.AppStore|iPhone.ActiveCfg = AppStore|iPhone
		{DDC141AE-38A1-4CA6-97CD-8A9A8E4442F2}.AppStore|iPhone.Build.0 = AppStore|iPhone
		{DDC141AE-38A1-4CA6-97CD-8A9A8E4442F2}.AppStore|iPhoneSimulator.ActiveCfg = AppStore|iPhoneSimulator
		{DDC141AE-38A1-4CA6-97CD-8A9A8E4442F2}.AppStore|iPhoneSimulator.Build.0 = AppStore|iPhoneSimulator
		{DDC141AE-38A1-4CA6-97CD-8A9A8E4442F2}.AppStore|x64.ActiveCfg = AppStore|iPhone
		{DDC141AE-38A1-4CA6-97CD-8A9A8E4442F2}.AppStore|x86.ActiveCfg = AppStore|iPhone
		{DDC141AE-38A1-4CA6-97CD-8A9A8E4442F2}.Debug|Any CPU.ActiveCfg = Debug|iPhone
		{DDC141AE-38A1-4CA6-97CD-8A9A8E4442F2}.Debug|ARM.ActiveCfg = Debug|iPhone
		{DDC141AE-38A1-4CA6-97CD-8A9A8E4442F2}.Debug|iPhone.ActiveCfg = Debug|iPhone
		{DDC141AE-38A1-4CA6-97CD-8A9A8E4442F2}.Debug|iPhone.Build.0 = Debug|iPhone
		{DDC141AE-38A1-4CA6-97CD-8A9A8E4442F2}.Debug|iPhoneSimulator.ActiveCfg = Debug|iPhoneSimulator
		{DDC141AE-38A1-4CA6-97CD-8A9A8E4442F2}.Debug|iPhoneSimulator.Build.0 = Debug|iPhoneSimulator
		{DDC141AE-38A1-4CA6-97CD-8A9A8E4442F2}.Debug|x64.ActiveCfg = Debug|iPhone
		{DDC141AE-38A1-4CA6-97CD-8A9A8E4442F2}.Debug|x86.ActiveCfg = Debug|iPhone
		{DDC141AE-38A1-4CA6-97CD-8A9A8E4442F2}.Release|Any CPU.ActiveCfg = Release|iPhone
		{DDC141AE-38A1-4CA6-97CD-8A9A8E4442F2}.Release|ARM.ActiveCfg = Release|iPhone
		{DDC141AE-38A1-4CA6-97CD-8A9A8E4442F2}.Release|iPhone.ActiveCfg = Release|iPhone
		{DDC141AE-38A1-4CA6-97CD-8A9A8E4442F2}.Release|iPhone.Build.0 = Release|iPhone
		{DDC141AE-38A1-4CA6-97CD-8A9A8E4442F2}.Release|iPhoneSimulator.ActiveCfg = Release|iPhoneSimulator
		{DDC141AE-38A1-4CA6-97CD-8A9A8E4442F2}.Release|iPhoneSimulator.Build.0 = Release|iPhoneSimulator
		{DDC141AE-38A1-4CA6-97CD-8A9A8E4442F2}.Release|x64.ActiveCfg = Release|iPhone
		{DDC141AE-38A1-4CA6-97CD-8A9A8E4442F2}.Release|x86.ActiveCfg = Release|iPhone
		{C393693A-2557-4984-88A7-3E1BA6B3B657}.Ad-Hoc|Any CPU.ActiveCfg = Release|Any CPU
		{C393693A-2557-4984-88A7-3E1BA6B3B657}.Ad-Hoc|Any CPU.Build.0 = Release|Any CPU
		{C393693A-2557-4984-88A7-3E1BA6B3B657}.Ad-Hoc|ARM.ActiveCfg = Release|Any CPU
		{C393693A-2557-4984-88A7-3E1BA6B3B657}.Ad-Hoc|ARM.Build.0 = Release|Any CPU
		{C393693A-2557-4984-88A7-3E1BA6B3B657}.Ad-Hoc|iPhone.ActiveCfg = Release|Any CPU
		{C393693A-2557-4984-88A7-3E1BA6B3B657}.Ad-Hoc|iPhone.Build.0 = Release|Any CPU
		{C393693A-2557-4984-88A7-3E1BA6B3B657}.Ad-Hoc|iPhoneSimulator.ActiveCfg = Release|Any CPU
		{C393693A-2557-4984-88A7-3E1BA6B3B657}.Ad-Hoc|iPhoneSimulator.Build.0 = Release|Any CPU
		{C393693A-2557-4984-88A7-3E1BA6B3B657}.Ad-Hoc|x64.ActiveCfg = Release|Any CPU
		{C393693A-2557-4984-88A7-3E1BA6B3B657}.Ad-Hoc|x64.Build.0 = Release|Any CPU
		{C393693A-2557-4984-88A7-3E1BA6B3B657}.Ad-Hoc|x86.ActiveCfg = Release|Any CPU
		{C393693A-2557-4984-88A7-3E1BA6B3B657}.Ad-Hoc|x86.Build.0 = Release|Any CPU
		{C393693A-2557-4984-88A7-3E1BA6B3B657}.AppStore|Any CPU.ActiveCfg = Release|Any CPU
		{C393693A-2557-4984-88A7-3E1BA6B3B657}.AppStore|Any CPU.Build.0 = Release|Any CPU
		{C393693A-2557-4984-88A7-3E1BA6B3B657}.AppStore|ARM.ActiveCfg = Release|Any CPU
		{C393693A-2557-4984-88A7-3E1BA6B3B657}.AppStore|ARM.Build.0 = Release|Any CPU
		{C393693A-2557-4984-88A7-3E1BA6B3B657}.AppStore|iPhone.ActiveCfg = Release|Any CPU
		{C393693A-2557-4984-88A7-3E1BA6B3B657}.AppStore|iPhone.Build.0 = Release|Any CPU
		{C393693A-2557-4984-88A7-3E1BA6B3B657}.AppStore|iPhoneSimulator.ActiveCfg = Release|Any CPU
		{C393693A-2557-4984-88A7-3E1BA6B3B657}.AppStore|iPhoneSimulator.Build.0 = Release|Any CPU
		{C393693A-2557-4984-88A7-3E1BA6B3B657}.AppStore|x64.ActiveCfg = Release|Any CPU
		{C393693A-2557-4984-88A7-3E1BA6B3B657}.AppStore|x64.Build.0 = Release|Any CPU
		{C393693A-2557-4984-88A7-3E1BA6B3B657}.AppStore|x86.ActiveCfg = Release|Any CPU
		{C393693A-2557-4984-88A7-3E1BA6B3B657}.AppStore|x86.Build.0 = Release|Any CPU
		{C393693A-2557-4984-88A7-3E1BA6B3B657}.Debug|Any CPU.ActiveCfg = Debug|Any CPU
		{C393693A-2557-4984-88A7-3E1BA6B3B657}.Debug|Any CPU.Build.0 = Debug|Any CPU
		{C393693A-2557-4984-88A7-3E1BA6B3B657}.Debug|ARM.ActiveCfg = Debug|Any CPU
		{C393693A-2557-4984-88A7-3E1BA6B3B657}.Debug|ARM.Build.0 = Debug|Any CPU
		{C393693A-2557-4984-88A7-3E1BA6B3B657}.Debug|iPhone.ActiveCfg = Debug|Any CPU
		{C393693A-2557-4984-88A7-3E1BA6B3B657}.Debug|iPhone.Build.0 = Debug|Any CPU
		{C393693A-2557-4984-88A7-3E1BA6B3B657}.Debug|iPhoneSimulator.ActiveCfg = Debug|Any CPU
		{C393693A-2557-4984-88A7-3E1BA6B3B657}.Debug|iPhoneSimulator.Build.0 = Debug|Any CPU
		{C393693A-2557-4984-88A7-3E1BA6B3B657}.Debug|x64.ActiveCfg = Debug|Any CPU
		{C393693A-2557-4984-88A7-3E1BA6B3B657}.Debug|x64.Build.0 = Debug|Any CPU
		{C393693A-2557-4984-88A7-3E1BA6B3B657}.Debug|x86.ActiveCfg = Debug|Any CPU
		{C393693A-2557-4984-88A7-3E1BA6B3B657}.Debug|x86.Build.0 = Debug|Any CPU
		{C393693A-2557-4984-88A7-3E1BA6B3B657}.Release|Any CPU.ActiveCfg = Release|Any CPU
		{C393693A-2557-4984-88A7-3E1BA6B3B657}.Release|Any CPU.Build.0 = Release|Any CPU
		{C393693A-2557-4984-88A7-3E1BA6B3B657}.Release|ARM.ActiveCfg = Release|Any CPU
		{C393693A-2557-4984-88A7-3E1BA6B3B657}.Release|ARM.Build.0 = Release|Any CPU
		{C393693A-2557-4984-88A7-3E1BA6B3B657}.Release|iPhone.ActiveCfg = Release|Any CPU
		{C393693A-2557-4984-88A7-3E1BA6B3B657}.Release|iPhone.Build.0 = Release|Any CPU
		{C393693A-2557-4984-88A7-3E1BA6B3B657}.Release|iPhoneSimulator.ActiveCfg = Release|Any CPU
		{C393693A-2557-4984-88A7-3E1BA6B3B657}.Release|iPhoneSimulator.Build.0 = Release|Any CPU
		{C393693A-2557-4984-88A7-3E1BA6B3B657}.Release|x64.ActiveCfg = Release|Any CPU
		{C393693A-2557-4984-88A7-3E1BA6B3B657}.Release|x64.Build.0 = Release|Any CPU
		{C393693A-2557-4984-88A7-3E1BA6B3B657}.Release|x86.ActiveCfg = Release|Any CPU
		{C393693A-2557-4984-88A7-3E1BA6B3B657}.Release|x86.Build.0 = Release|Any CPU
		{8FF803B8-CF6A-41E8-810E-B70A66E6BE75}.Ad-Hoc|Any CPU.ActiveCfg = Debug|Any CPU
		{8FF803B8-CF6A-41E8-810E-B70A66E6BE75}.Ad-Hoc|Any CPU.Build.0 = Debug|Any CPU
		{8FF803B8-CF6A-41E8-810E-B70A66E6BE75}.Ad-Hoc|ARM.ActiveCfg = Debug|Any CPU
		{8FF803B8-CF6A-41E8-810E-B70A66E6BE75}.Ad-Hoc|ARM.Build.0 = Debug|Any CPU
		{8FF803B8-CF6A-41E8-810E-B70A66E6BE75}.Ad-Hoc|iPhone.ActiveCfg = Debug|Any CPU
		{8FF803B8-CF6A-41E8-810E-B70A66E6BE75}.Ad-Hoc|iPhone.Build.0 = Debug|Any CPU
		{8FF803B8-CF6A-41E8-810E-B70A66E6BE75}.Ad-Hoc|iPhoneSimulator.ActiveCfg = Debug|Any CPU
		{8FF803B8-CF6A-41E8-810E-B70A66E6BE75}.Ad-Hoc|iPhoneSimulator.Build.0 = Debug|Any CPU
		{8FF803B8-CF6A-41E8-810E-B70A66E6BE75}.Ad-Hoc|x64.ActiveCfg = Debug|Any CPU
		{8FF803B8-CF6A-41E8-810E-B70A66E6BE75}.Ad-Hoc|x64.Build.0 = Debug|Any CPU
		{8FF803B8-CF6A-41E8-810E-B70A66E6BE75}.Ad-Hoc|x86.ActiveCfg = Debug|Any CPU
		{8FF803B8-CF6A-41E8-810E-B70A66E6BE75}.Ad-Hoc|x86.Build.0 = Debug|Any CPU
		{8FF803B8-CF6A-41E8-810E-B70A66E6BE75}.AppStore|Any CPU.ActiveCfg = Debug|Any CPU
		{8FF803B8-CF6A-41E8-810E-B70A66E6BE75}.AppStore|Any CPU.Build.0 = Debug|Any CPU
		{8FF803B8-CF6A-41E8-810E-B70A66E6BE75}.AppStore|ARM.ActiveCfg = Debug|Any CPU
		{8FF803B8-CF6A-41E8-810E-B70A66E6BE75}.AppStore|ARM.Build.0 = Debug|Any CPU
		{8FF803B8-CF6A-41E8-810E-B70A66E6BE75}.AppStore|iPhone.ActiveCfg = Debug|Any CPU
		{8FF803B8-CF6A-41E8-810E-B70A66E6BE75}.AppStore|iPhone.Build.0 = Debug|Any CPU
		{8FF803B8-CF6A-41E8-810E-B70A66E6BE75}.AppStore|iPhoneSimulator.ActiveCfg = Debug|Any CPU
		{8FF803B8-CF6A-41E8-810E-B70A66E6BE75}.AppStore|iPhoneSimulator.Build.0 = Debug|Any CPU
		{8FF803B8-CF6A-41E8-810E-B70A66E6BE75}.AppStore|x64.ActiveCfg = Debug|Any CPU
		{8FF803B8-CF6A-41E8-810E-B70A66E6BE75}.AppStore|x64.Build.0 = Debug|Any CPU
		{8FF803B8-CF6A-41E8-810E-B70A66E6BE75}.AppStore|x86.ActiveCfg = Debug|Any CPU
		{8FF803B8-CF6A-41E8-810E-B70A66E6BE75}.AppStore|x86.Build.0 = Debug|Any CPU
		{8FF803B8-CF6A-41E8-810E-B70A66E6BE75}.Debug|Any CPU.ActiveCfg = Debug|Any CPU
		{8FF803B8-CF6A-41E8-810E-B70A66E6BE75}.Debug|Any CPU.Build.0 = Debug|Any CPU
		{8FF803B8-CF6A-41E8-810E-B70A66E6BE75}.Debug|ARM.ActiveCfg = Debug|Any CPU
		{8FF803B8-CF6A-41E8-810E-B70A66E6BE75}.Debug|ARM.Build.0 = Debug|Any CPU
		{8FF803B8-CF6A-41E8-810E-B70A66E6BE75}.Debug|iPhone.ActiveCfg = Debug|Any CPU
		{8FF803B8-CF6A-41E8-810E-B70A66E6BE75}.Debug|iPhone.Build.0 = Debug|Any CPU
		{8FF803B8-CF6A-41E8-810E-B70A66E6BE75}.Debug|iPhoneSimulator.ActiveCfg = Debug|Any CPU
		{8FF803B8-CF6A-41E8-810E-B70A66E6BE75}.Debug|iPhoneSimulator.Build.0 = Debug|Any CPU
		{8FF803B8-CF6A-41E8-810E-B70A66E6BE75}.Debug|x64.ActiveCfg = Debug|Any CPU
		{8FF803B8-CF6A-41E8-810E-B70A66E6BE75}.Debug|x64.Build.0 = Debug|Any CPU
		{8FF803B8-CF6A-41E8-810E-B70A66E6BE75}.Debug|x86.ActiveCfg = Debug|Any CPU
		{8FF803B8-CF6A-41E8-810E-B70A66E6BE75}.Debug|x86.Build.0 = Debug|Any CPU
		{8FF803B8-CF6A-41E8-810E-B70A66E6BE75}.Release|Any CPU.ActiveCfg = Release|Any CPU
		{8FF803B8-CF6A-41E8-810E-B70A66E6BE75}.Release|Any CPU.Build.0 = Release|Any CPU
		{8FF803B8-CF6A-41E8-810E-B70A66E6BE75}.Release|ARM.ActiveCfg = Release|Any CPU
		{8FF803B8-CF6A-41E8-810E-B70A66E6BE75}.Release|ARM.Build.0 = Release|Any CPU
		{8FF803B8-CF6A-41E8-810E-B70A66E6BE75}.Release|iPhone.ActiveCfg = Release|Any CPU
		{8FF803B8-CF6A-41E8-810E-B70A66E6BE75}.Release|iPhone.Build.0 = Release|Any CPU
		{8FF803B8-CF6A-41E8-810E-B70A66E6BE75}.Release|iPhoneSimulator.ActiveCfg = Release|Any CPU
		{8FF803B8-CF6A-41E8-810E-B70A66E6BE75}.Release|iPhoneSimulator.Build.0 = Release|Any CPU
		{8FF803B8-CF6A-41E8-810E-B70A66E6BE75}.Release|x64.ActiveCfg = Release|Any CPU
		{8FF803B8-CF6A-41E8-810E-B70A66E6BE75}.Release|x64.Build.0 = Release|Any CPU
		{8FF803B8-CF6A-41E8-810E-B70A66E6BE75}.Release|x86.ActiveCfg = Release|Any CPU
		{8FF803B8-CF6A-41E8-810E-B70A66E6BE75}.Release|x86.Build.0 = Release|Any CPU
	EndGlobalSection
	GlobalSection(SolutionProperties) = preSolution
		HideSolutionNode = FALSE
	EndGlobalSection
	GlobalSection(NestedProjects) = preSolution
		{C9715FA4-A37F-494F-B3C2-8795183F3E29} = {42541FE9-55D8-49E2-9339-6AB8B34F71E5}
		{4F818C0D-63E8-49AF-BABA-5591249219A9} = {42541FE9-55D8-49E2-9339-6AB8B34F71E5}
		{DDC141AE-38A1-4CA6-97CD-8A9A8E4442F2} = {42541FE9-55D8-49E2-9339-6AB8B34F71E5}
		{8FF803B8-CF6A-41E8-810E-B70A66E6BE75} = {42541FE9-55D8-49E2-9339-6AB8B34F71E5}
	EndGlobalSection
EndGlobal
